
Microsoft Visual Studio Solution File, Format Version 12.00
# Visual Studio Version 17
VisualStudioVersion = 17.14.36915.13 d17.14
MinimumVisualStudioVersion = 10.0.40219.1
Project("{FAE04EC0-301F-11D3-BF4B-00C04F79EFBC}") = "Review_Q1", "Review_Q1\Review_Q1.csproj", "{2CEE7BDC-1D3B-4D17-A8B7-292CE549CFFA}"
EndProject
Global
	GlobalSection(SolutionConfigurationPlatforms) = preSolution
		Debug|Any CPU = Debug|Any CPU
		Release|Any CPU = Release|Any CPU
	EndGlobalSection
	GlobalSection(ProjectConfigurationPlatforms) = postSolution
		{2CEE7BDC-1D3B-4D17-A8B7-292CE549CFFA}.Debug|Any CPU.ActiveCfg = Debug|Any CPU
		{2CEE7BDC-1D3B-4D17-A8B7-292CE549CFFA}.Debug|Any CPU.Build.0 = Debug|Any CPU
		{2CEE7BDC-1D3B-4D17-A8B7-292CE549CFFA}.Release|Any CPU.ActiveCfg = Release|Any CPU
		{2CEE7BDC-1D3B-4D17-A8B7-292CE549CFFA}.Release|Any CPU.Build.0 = Release|Any CPU
	EndGlobalSection
	GlobalSection(SolutionProperties) = preSolution
		HideSolutionNode = FALSE
	EndGlobalSection
	GlobalSection(ExtensibilityGlobals) = postSolution
		SolutionGuid = {DE143500-E336-4A8F-A772-E69EDC56265A}
	EndGlobalSection
EndGlobal
